PODS:
  - CocoaLumberjack (1.9.2):
    - CocoaLumberjack/Extensions (= 1.9.2)
  - CocoaLumberjack/Core (1.9.2)
  - CocoaLumberjack/Extensions (1.9.2):
    - CocoaLumberjack/Core
  - CSSSelectorConverter (1.2.1):
    - CocoaLumberjack (~> 1.9.0)
    - NUIParse
  - JavaScriptCoreOpalAdditions (0.3.1):
    - ObjectiveSugar (~> 1.1.0)
  - NUIParse (1.2.1)
  - ObjectiveSugar (1.1.0)

DEPENDENCIES:
  - CSSSelectorConverter (>= 1.2.1)
  - JavaScriptCoreOpalAdditions (= 0.3.1)

SPEC CHECKSUMS:
  CocoaLumberjack: 628fca2e88ef06f7cf6817309aa405f325d9a6fa
  CSSSelectorConverter: 0fda7454165e40e668dd297b44cdb1c341cd53ae
  JavaScriptCoreOpalAdditions: be50836e59182986071ce00676590c8f871e0afe
  NUIParse: 9b6d5a6b782dc654ac6c846d623885080306f07f
  ObjectiveSugar: a6a25f23d657c19df0a0b972466d5b5ca9f5295c

COCOAPODS: 0.36.1
