PODS:
  - CocoaLumberjack (1.8.0):
    - CocoaLumberjack/Extensions (= 1.8.0)
  - CocoaLumberjack/Core (1.8.0)
  - CocoaLumberjack/Extensions (1.8.0):
    - CocoaLumberjack/Core
  - CSSSelectorConverter (1.1.0):
    - CocoaLumberjack (>= 1.6.4)
    - CSSSelectorConverter/Core (= 1.1.0)
    - CSSSelectorConverter/CoreParse (= 1.1.0)
  - CSSSelectorConverter/Core (1.1.0):
    - CocoaLumberjack (>= 1.6.4)
    - CSSSelectorConverter/CoreParse
  - CSSSelectorConverter/CoreParse (1.1.0):
    - CocoaLumberjack (>= 1.6.4)
  - JavaScriptCoreOpalAdditions (0.3.1):
    - ObjectiveSugar (~> 1.1.0)
  - ObjectiveSugar (1.1.0)

DEPENDENCIES:
  - CSSSelectorConverter (>= 1.1.0)
  - JavaScriptCoreOpalAdditions (= 0.3.1)

SPEC CHECKSUMS:
  CocoaLumberjack: 2799baf46a4587116e97e85483538e0e92818430
  CSSSelectorConverter: 876d4fadcfd1a835f71b14d2dc115a560ff5197e
  JavaScriptCoreOpalAdditions: 03fedeb053ad5ef8704bf1dff4a490bab2c47161
  ObjectiveSugar: f48793f5902c77cfc02a4ce46d2e8ecddcad4dc2

COCOAPODS: 0.36.1
