// !$*UTF8*$!
{
	archiveVersion = 1;
	classes = {
	};
	objectVersion = 46;
	objects = {

/* Begin PBXBuildFile section */
		3E28B654244C6B649355223F /* libPods-IGHTMLQueryTests.a in Frameworks */ = {isa = PBXBuildFile; fileRef = 837B04C884DE245BDD9C3227 /* libPods-IGHTMLQueryTests.a */; };
		5406F3141872CAFE00FD6A96 /* JSContext+IGHTMLQueryRubyAdditions.m in Sources */ = {isa = PBXBuildFile; fileRef = 5406F3131872CAFE00FD6A96 /* JSContext+IGHTMLQueryRubyAdditions.m */; };
		541B153517C383FA00F2C646 /* IGXMLNodeSetTests.m in Sources */ = {isa = PBXBuildFile; fileRef = 541B153417C383FA00F2C646 /* IGXMLNodeSetTests.m */; };
		542C23CC1874FB9C0046B93A /* html_query.js in Sources */ = {isa = PBXBuildFile; fileRef = 542C23CB1874FB9C0046B93A /* html_query.js */; };
		542C23CD1874FB9C0046B93A /* html_query.js in Sources */ = {isa = PBXBuildFile; fileRef = 542C23CB1874FB9C0046B93A /* html_query.js */; };
		543763A617C36EFD004CE333 /* Foundation.framework in Frameworks */ = {isa = PBXBuildFile; fileRef = 543763A517C36EFD004CE333 /* Foundation.framework */; };
		543763A817C36EFD004CE333 /* CoreGraphics.framework in Frameworks */ = {isa = PBXBuildFile; fileRef = 543763A717C36EFD004CE333 /* CoreGraphics.framework */; };
		543763AA17C36EFD004CE333 /* UIKit.framework in Frameworks */ = {isa = PBXBuildFile; fileRef = 543763A917C36EFD004CE333 /* UIKit.framework */; };
		543763B017C36EFD004CE333 /* InfoPlist.strings in Resources */ = {isa = PBXBuildFile; fileRef = 543763AE17C36EFD004CE333 /* InfoPlist.strings */; };
		543763B217C36EFD004CE333 /* main.m in Sources */ = {isa = PBXBuildFile; fileRef = 543763B117C36EFD004CE333 /* main.m */; };
		543763B617C36EFD004CE333 /* IGAppDelegate.m in Sources */ = {isa = PBXBuildFile; fileRef = 543763B517C36EFD004CE333 /* IGAppDelegate.m */; };
		543763B917C36EFD004CE333 /* Main.storyboard in Resources */ = {isa = PBXBuildFile; fileRef = 543763B717C36EFD004CE333 /* Main.storyboard */; };
		543763BC17C36EFD004CE333 /* IGViewController.m in Sources */ = {isa = PBXBuildFile; fileRef = 543763BB17C36EFD004CE333 /* IGViewController.m */; };
		543763BE17C36EFD004CE333 /* Images.xcassets in Resources */ = {isa = PBXBuildFile; fileRef = 543763BD17C36EFD004CE333 /* Images.xcassets */; };
		543763C517C36EFD004CE333 /* XCTest.framework in Frameworks */ = {isa = PBXBuildFile; fileRef = 543763C417C36EFD004CE333 /* XCTest.framework */; };
		543763C617C36EFD004CE333 /* Foundation.framework in Frameworks */ = {isa = PBXBuildFile; fileRef = 543763A517C36EFD004CE333 /* Foundation.framework */; };
		543763C717C36EFD004CE333 /* UIKit.framework in Frameworks */ = {isa = PBXBuildFile; fileRef = 543763A917C36EFD004CE333 /* UIKit.framework */; };
		543763CF17C36EFD004CE333 /* InfoPlist.strings in Resources */ = {isa = PBXBuildFile; fileRef = 543763CD17C36EFD004CE333 /* InfoPlist.strings */; };
		543763D117C36EFD004CE333 /* IGXMLDocumentTests.m in Sources */ = {isa = PBXBuildFile; fileRef = 543763D017C36EFD004CE333 /* IGXMLDocumentTests.m */; };
		543763E017C36F52004CE333 /* libxml2.dylib in Frameworks */ = {isa = PBXBuildFile; fileRef = 543763DF17C36F52004CE333 /* libxml2.dylib */; };
		543763E317C37028004CE333 /* IGXMLNode.m in Sources */ = {isa = PBXBuildFile; fileRef = 543763E217C37028004CE333 /* IGXMLNode.m */; };
		543763F717C378CF004CE333 /* IGXMLNodeSet.m in Sources */ = {isa = PBXBuildFile; fileRef = 543763F617C378CF004CE333 /* IGXMLNodeSet.m */; };
		543763F917C37BB4004CE333 /* libxml2.dylib in Frameworks */ = {isa = PBXBuildFile; fileRef = 543763DF17C36F52004CE333 /* libxml2.dylib */; };
		54432A7818658F9C00FBFDE4 /* JavaScriptCore.framework in Frameworks */ = {isa = PBXBuildFile; fileRef = 54432A711865886E00FBFDE4 /* JavaScriptCore.framework */; };
		54432A7918658F9D00FBFDE4 /* JavaScriptCore.framework in Frameworks */ = {isa = PBXBuildFile; fileRef = 54432A711865886E00FBFDE4 /* JavaScriptCore.framework */; };
		5455B17B17C8710200A992EB /* nytimes.html in Resources */ = {isa = PBXBuildFile; fileRef = 5455B17A17C8710200A992EB /* nytimes.html */; };
		5455B17D17C8711700A992EB /* IGIntegrationTests.m in Sources */ = {isa = PBXBuildFile; fileRef = 5455B17C17C8711700A992EB /* IGIntegrationTests.m */; };
		54925B671AC52AE000FA51CE /* IGRubyTests.m in Sources */ = {isa = PBXBuildFile; fileRef = 5416CA4E186BAE8300EC5F23 /* IGRubyTests.m */; };
		549C1DC317C47DEE00CF4F20 /* catalog.xml in Resources */ = {isa = PBXBuildFile; fileRef = 549C1DC217C47DEE00CF4F20 /* catalog.xml */; };
		549C1DC817C4B14F00CF4F20 /* IGXMLNodeTraversalTests.m in Sources */ = {isa = PBXBuildFile; fileRef = 549C1DC717C4B14F00CF4F20 /* IGXMLNodeTraversalTests.m */; };
		549C1DCA17C4B52000CF4F20 /* IGXMLDocumentAttributeTests.m in Sources */ = {isa = PBXBuildFile; fileRef = 549C1DC917C4B52000CF4F20 /* IGXMLDocumentAttributeTests.m */; };
		549C1DCC17C4B91100CF4F20 /* atom.xml in Resources */ = {isa = PBXBuildFile; fileRef = 549C1DCB17C4B69700CF4F20 /* atom.xml */; };
		549C1DCD17C4B91300CF4F20 /* broken.xml in Resources */ = {isa = PBXBuildFile; fileRef = 549C1DC417C4827200CF4F20 /* broken.xml */; };
		54AB5F3D17C477BC009E2CF1 /* IGHTMLDocument.m in Sources */ = {isa = PBXBuildFile; fileRef = 54AB5F3C17C477BC009E2CF1 /* IGHTMLDocument.m */; };
		54AB5F4017C479A1009E2CF1 /* IGHTMLDocumentTests.m in Sources */ = {isa = PBXBuildFile; fileRef = 54AB5F3F17C479A1009E2CF1 /* IGHTMLDocumentTests.m */; };
		54AB5F4417C47A4C009E2CF1 /* sample.html in Resources */ = {isa = PBXBuildFile; fileRef = 54AB5F4217C479E6009E2CF1 /* sample.html */; };
		54AF474D17C3854000D16C80 /* IGXMLDocument.m in Sources */ = {isa = PBXBuildFile; fileRef = 54AF474C17C3854000D16C80 /* IGXMLDocument.m */; };
		54BF4278187E90F6006D2E2A /* IGCSSQueryTests.m in Sources */ = {isa = PBXBuildFile; fileRef = 54BF4277187E90F6006D2E2A /* IGCSSQueryTests.m */; };
		54BFE64318BC6E2E0088052E /* cleaned_news.html in Resources */ = {isa = PBXBuildFile; fileRef = 54BFE64218BC6E2E0088052E /* cleaned_news.html */; };
		54ED457818782F31005391EC /* html_query.js in Resources */ = {isa = PBXBuildFile; fileRef = 542C23CB1874FB9C0046B93A /* html_query.js */; };
		54ED457918782F42005391EC /* html_query.js in Resources */ = {isa = PBXBuildFile; fileRef = 542C23CB1874FB9C0046B93A /* html_query.js */; };
		83280A41D4D1C806FDE1A11D /* libPods-IGHTMLQuery.a in Frameworks */ = {isa = PBXBuildFile; fileRef = AFB20ED5D04C946214000A1E /* libPods-IGHTMLQuery.a */; };
/* End PBXBuildFile section */

/* Begin PBXContainerItemProxy section */
		543763C817C36EFD004CE333 /* PBXContainerItemProxy */ = {
			isa = PBXContainerItemProxy;
			containerPortal = 5437639A17C36EFD004CE333 /* Project object */;
			proxyType = 1;
			remoteGlobalIDString = 543763A117C36EFD004CE333;
			remoteInfo = IGHTMLQuery;
		};
/* End PBXContainerItemProxy section */

/* Begin PBXFileReference section */
		0CE71297F3262C056E28178A /* Pods-IGHTMLQueryTests.release.xcconfig */ = {isa = PBXFileReference; includeInIndex = 1; lastKnownFileType = text.xcconfig; name = "Pods-IGHTMLQueryTests.release.xcconfig"; path = "Pods/Target Support Files/Pods-IGHTMLQueryTests/Pods-IGHTMLQueryTests.release.xcconfig"; sourceTree = "<group>"; };
		5406F3121872CAFE00FD6A96 /* JSContext+IGHTMLQueryRubyAdditions.h */ = {isa = PBXFileReference; fileEncoding = 4; lastKnownFileType = sourcecode.c.h; name = "JSContext+IGHTMLQueryRubyAdditions.h"; path = "Classes/JSContext+IGHTMLQueryRubyAdditions.h"; sourceTree = "<group>"; };
		5406F3131872CAFE00FD6A96 /* JSContext+IGHTMLQueryRubyAdditions.m */ = {isa = PBXFileReference; fileEncoding = 4; lastKnownFileType = sourcecode.c.objc; name = "JSContext+IGHTMLQueryRubyAdditions.m"; path = "Classes/JSContext+IGHTMLQueryRubyAdditions.m"; sourceTree = "<group>"; };
		5416CA4E186BAE8300EC5F23 /* IGRubyTests.m */ = {isa = PBXFileReference; fileEncoding = 4; lastKnownFileType = sourcecode.c.objc; path = IGRubyTests.m; sourceTree = "<group>"; };
		5416CA50186BB00300EC5F23 /* xml_node.rb */ = {isa = PBXFileReference; fileEncoding = 4; lastKnownFileType = text.script.ruby; name = xml_node.rb; path = Ruby/xml_node.rb; sourceTree = "<group>"; };
		5416CA53186BB2F600EC5F23 /* IGXMLNodeCore.h */ = {isa = PBXFileReference; lastKnownFileType = sourcecode.c.h; name = IGXMLNodeCore.h; path = Classes/IGXMLNodeCore.h; sourceTree = "<group>"; };
		5416CA54186BB64B00EC5F23 /* xml_node_set.rb */ = {isa = PBXFileReference; fileEncoding = 4; lastKnownFileType = text.script.ruby; name = xml_node_set.rb; path = Ruby/xml_node_set.rb; sourceTree = "<group>"; };
		541AB8AA187819AC0017F86E /* html_doc.rb */ = {isa = PBXFileReference; fileEncoding = 4; lastKnownFileType = text.script.ruby; name = html_doc.rb; path = Ruby/html_doc.rb; sourceTree = "<group>"; };
		541AB8AC18782CD50017F86E /* http.rb */ = {isa = PBXFileReference; lastKnownFileType = text.script.ruby; name = http.rb; path = Ruby/http.rb; sourceTree = "<group>"; };
		541B153417C383FA00F2C646 /* IGXMLNodeSetTests.m */ = {isa = PBXFileReference; fileEncoding = 4; lastKnownFileType = sourcecode.c.objc; path = IGXMLNodeSetTests.m; sourceTree = "<group>"; };
		542C23CB1874FB9C0046B93A /* html_query.js */ = {isa = PBXFileReference; explicitFileType = text; fileEncoding = 4; name = html_query.js; path = JavaScript/html_query.js; sourceTree = "<group>"; };
		542C23D01874FD6E0046B93A /* html_query.rb */ = {isa = PBXFileReference; lastKnownFileType = text.script.ruby; name = html_query.rb; path = Ruby/html_query.rb; sourceTree = "<group>"; };
		543763A217C36EFD004CE333 /* IGHTMLQuery.app */ = {isa = PBXFileReference; explicitFileType = wrapper.application; includeInIndex = 0; path = IGHTMLQuery.app; sourceTree = BUILT_PRODUCTS_DIR; };
		543763A517C36EFD004CE333 /* Foundation.framework */ = {isa = PBXFileReference; lastKnownFileType = wrapper.framework; name = Foundation.framework; path = System/Library/Frameworks/Foundation.framework; sourceTree = SDKROOT; };
		543763A717C36EFD004CE333 /* CoreGraphics.framework */ = {isa = PBXFileReference; lastKnownFileType = wrapper.framework; name = CoreGraphics.framework; path = System/Library/Frameworks/CoreGraphics.framework; sourceTree = SDKROOT; };
		543763A917C36EFD004CE333 /* UIKit.framework */ = {isa = PBXFileReference; lastKnownFileType = wrapper.framework; name = UIKit.framework; path = System/Library/Frameworks/UIKit.framework; sourceTree = SDKROOT; };
		543763AD17C36EFD004CE333 /* IGHTMLQuery-Info.plist */ = {isa = PBXFileReference; lastKnownFileType = text.plist.xml; path = "IGHTMLQuery-Info.plist"; sourceTree = "<group>"; };
		543763AF17C36EFD004CE333 /* en */ = {isa = PBXFileReference; lastKnownFileType = text.plist.strings; name = en; path = en.lproj/InfoPlist.strings; sourceTree = "<group>"; };
		543763B117C36EFD004CE333 /* main.m */ = {isa = PBXFileReference; lastKnownFileType = sourcecode.c.objc; path = main.m; sourceTree = "<group>"; };
		543763B317C36EFD004CE333 /* IGHTMLQuery-Prefix.pch */ = {isa = PBXFileReference; lastKnownFileType = sourcecode.c.h; path = "IGHTMLQuery-Prefix.pch"; sourceTree = "<group>"; };
		543763B417C36EFD004CE333 /* IGAppDelegate.h */ = {isa = PBXFileReference; lastKnownFileType = sourcecode.c.h; path = IGAppDelegate.h; sourceTree = "<group>"; };
		543763B517C36EFD004CE333 /* IGAppDelegate.m */ = {isa = PBXFileReference; lastKnownFileType = sourcecode.c.objc; path = IGAppDelegate.m; sourceTree = "<group>"; };
		543763B817C36EFD004CE333 /* Base */ = {isa = PBXFileReference; lastKnownFileType = file.storyboard; name = Base; path = Base.lproj/Main.storyboard; sourceTree = "<group>"; };
		543763BA17C36EFD004CE333 /* IGViewController.h */ = {isa = PBXFileReference; lastKnownFileType = sourcecode.c.h; path = IGViewController.h; sourceTree = "<group>"; };
		543763BB17C36EFD004CE333 /* IGViewController.m */ = {isa = PBXFileReference; lastKnownFileType = sourcecode.c.objc; path = IGViewController.m; sourceTree = "<group>"; };
		543763BD17C36EFD004CE333 /* Images.xcassets */ = {isa = PBXFileReference; lastKnownFileType = folder.assetcatalog; path = Images.xcassets; sourceTree = "<group>"; };
		543763C317C36EFD004CE333 /* IGHTMLQueryTests.xctest */ = {isa = PBXFileReference; explicitFileType = wrapper.cfbundle; includeInIndex = 0; path = IGHTMLQueryTests.xctest; sourceTree = BUILT_PRODUCTS_DIR; };
		543763C417C36EFD004CE333 /* XCTest.framework */ = {isa = PBXFileReference; lastKnownFileType = wrapper.framework; name = XCTest.framework; path = Library/Frameworks/XCTest.framework; sourceTree = DEVELOPER_DIR; };
		543763CC17C36EFD004CE333 /* IGHTMLQueryTests-Info.plist */ = {isa = PBXFileReference; lastKnownFileType = text.plist.xml; path = "IGHTMLQueryTests-Info.plist"; sourceTree = "<group>"; };
		543763CE17C36EFD004CE333 /* en */ = {isa = PBXFileReference; lastKnownFileType = text.plist.strings; name = en; path = en.lproj/InfoPlist.strings; sourceTree = "<group>"; };
		543763D017C36EFD004CE333 /* IGXMLDocumentTests.m */ = {isa = PBXFileReference; lastKnownFileType = sourcecode.c.objc; path = IGXMLDocumentTests.m; sourceTree = "<group>"; };
		543763DF17C36F52004CE333 /* libxml2.dylib */ = {isa = PBXFileReference; lastKnownFileType = "compiled.mach-o.dylib"; name = libxml2.dylib; path = usr/lib/libxml2.dylib; sourceTree = SDKROOT; };
		543763E117C37028004CE333 /* IGXMLNode.h */ = {isa = PBXFileReference; fileEncoding = 4; lastKnownFileType = sourcecode.c.h; name = IGXMLNode.h; path = Classes/IGXMLNode.h; sourceTree = "<group>"; };
		543763E217C37028004CE333 /* IGXMLNode.m */ = {isa = PBXFileReference; fileEncoding = 4; lastKnownFileType = sourcecode.c.objc; name = IGXMLNode.m; path = Classes/IGXMLNode.m; sourceTree = "<group>"; wrapsLines = 0; };
		543763F517C378CF004CE333 /* IGXMLNodeSet.h */ = {isa = PBXFileReference; fileEncoding = 4; lastKnownFileType = sourcecode.c.h; name = IGXMLNodeSet.h; path = Classes/IGXMLNodeSet.h; sourceTree = "<group>"; };
		543763F617C378CF004CE333 /* IGXMLNodeSet.m */ = {isa = PBXFileReference; fileEncoding = 4; lastKnownFileType = sourcecode.c.objc; name = IGXMLNodeSet.m; path = Classes/IGXMLNodeSet.m; sourceTree = "<group>"; };
		54432A711865886E00FBFDE4 /* JavaScriptCore.framework */ = {isa = PBXFileReference; lastKnownFileType = wrapper.framework; name = JavaScriptCore.framework; path = System/Library/Frameworks/JavaScriptCore.framework; sourceTree = SDKROOT; };
		54432A7518658B4E00FBFDE4 /* IGXMLNodeAttribute.h */ = {isa = PBXFileReference; lastKnownFileType = sourcecode.c.h; name = IGXMLNodeAttribute.h; path = Classes/IGXMLNodeAttribute.h; sourceTree = "<group>"; };
		54432A7618658BBE00FBFDE4 /* IGXMLNodeTraversal.h */ = {isa = PBXFileReference; lastKnownFileType = sourcecode.c.h; name = IGXMLNodeTraversal.h; path = Classes/IGXMLNodeTraversal.h; sourceTree = "<group>"; };
		54432A7718658ED500FBFDE4 /* IGHTMLQueryJavaScriptExport.h */ = {isa = PBXFileReference; lastKnownFileType = sourcecode.c.h; name = IGHTMLQueryJavaScriptExport.h; path = Classes/IGHTMLQueryJavaScriptExport.h; sourceTree = "<group>"; };
		5455B17A17C8710200A992EB /* nytimes.html */ = {isa = PBXFileReference; fileEncoding = 4; lastKnownFileType = text.html; name = nytimes.html; path = Fixtures/nytimes.html; sourceTree = "<group>"; };
		5455B17C17C8711700A992EB /* IGIntegrationTests.m */ = {isa = PBXFileReference; fileEncoding = 4; lastKnownFileType = sourcecode.c.objc; path = IGIntegrationTests.m; sourceTree = "<group>"; };
		546D83491C55281300712414 /* IGXMLNode_Private.h */ = {isa = PBXFileReference; lastKnownFileType = sourcecode.c.h; name = IGXMLNode_Private.h; path = Classes/Private/IGXMLNode_Private.h; sourceTree = "<group>"; };
		546D834B1C5528AE00712414 /* IGXMLNode_Private.h */ = {isa = PBXFileReference; lastKnownFileType = sourcecode.c.h; path = IGXMLNode_Private.h; sourceTree = "<group>"; };
		549C1DC217C47DEE00CF4F20 /* catalog.xml */ = {isa = PBXFileReference; fileEncoding = 4; lastKnownFileType = text.xml; name = catalog.xml; path = Fixtures/catalog.xml; sourceTree = "<group>"; };
		549C1DC417C4827200CF4F20 /* broken.xml */ = {isa = PBXFileReference; lastKnownFileType = text.xml; name = broken.xml; path = Fixtures/broken.xml; sourceTree = "<group>"; };
		549C1DC517C4A4DF00CF4F20 /* IGXMLNodeManipulation.h */ = {isa = PBXFileReference; lastKnownFileType = sourcecode.c.h; name = IGXMLNodeManipulation.h; path = Classes/IGXMLNodeManipulation.h; sourceTree = "<group>"; };
		549C1DC617C4AC9D00CF4F20 /* IGXMLNodeQuery.h */ = {isa = PBXFileReference; lastKnownFileType = sourcecode.c.h; name = IGXMLNodeQuery.h; path = Classes/IGXMLNodeQuery.h; sourceTree = "<group>"; };
		549C1DC717C4B14F00CF4F20 /* IGXMLNodeTraversalTests.m */ = {isa = PBXFileReference; fileEncoding = 4; lastKnownFileType = sourcecode.c.objc; path = IGXMLNodeTraversalTests.m; sourceTree = "<group>"; };
		549C1DC917C4B52000CF4F20 /* IGXMLDocumentAttributeTests.m */ = {isa = PBXFileReference; fileEncoding = 4; lastKnownFileType = sourcecode.c.objc; path = IGXMLDocumentAttributeTests.m; sourceTree = "<group>"; };
		549C1DCB17C4B69700CF4F20 /* atom.xml */ = {isa = PBXFileReference; lastKnownFileType = text.xml; name = atom.xml; path = Fixtures/atom.xml; sourceTree = "<group>"; };
		54AB5F3A17C47786009E2CF1 /* IGHTMLQuery.h */ = {isa = PBXFileReference; lastKnownFileType = sourcecode.c.h; name = IGHTMLQuery.h; path = Classes/IGHTMLQuery.h; sourceTree = "<group>"; };
		54AB5F3B17C477BC009E2CF1 /* IGHTMLDocument.h */ = {isa = PBXFileReference; fileEncoding = 4; lastKnownFileType = sourcecode.c.h; name = IGHTMLDocument.h; path = Classes/IGHTMLDocument.h; sourceTree = "<group>"; };
		54AB5F3C17C477BC009E2CF1 /* IGHTMLDocument.m */ = {isa = PBXFileReference; fileEncoding = 4; lastKnownFileType = sourcecode.c.objc; name = IGHTMLDocument.m; path = Classes/IGHTMLDocument.m; sourceTree = "<group>"; };
		54AB5F3F17C479A1009E2CF1 /* IGHTMLDocumentTests.m */ = {isa = PBXFileReference; fileEncoding = 4; lastKnownFileType = sourcecode.c.objc; path = IGHTMLDocumentTests.m; sourceTree = "<group>"; };
		54AB5F4217C479E6009E2CF1 /* sample.html */ = {isa = PBXFileReference; lastKnownFileType = text.html; name = sample.html; path = Fixtures/sample.html; sourceTree = "<group>"; };
		54AF474B17C3854000D16C80 /* IGXMLDocument.h */ = {isa = PBXFileReference; fileEncoding = 4; lastKnownFileType = sourcecode.c.h; name = IGXMLDocument.h; path = Classes/IGXMLDocument.h; sourceTree = "<group>"; };
		54AF474C17C3854000D16C80 /* IGXMLDocument.m */ = {isa = PBXFileReference; fileEncoding = 4; lastKnownFileType = sourcecode.c.objc; name = IGXMLDocument.m; path = Classes/IGXMLDocument.m; sourceTree = "<group>"; };
		54BF4277187E90F6006D2E2A /* IGCSSQueryTests.m */ = {isa = PBXFileReference; fileEncoding = 4; lastKnownFileType = sourcecode.c.objc; path = IGCSSQueryTests.m; sourceTree = "<group>"; };
		54BFE64218BC6E2E0088052E /* cleaned_news.html */ = {isa = PBXFileReference; fileEncoding = 4; lastKnownFileType = text.html; name = cleaned_news.html; path = Fixtures/cleaned_news.html; sourceTree = "<group>"; };
		64A9BC2FD56FBCD5596188ED /* Pods-IGHTMLQuery.debug.xcconfig */ = {isa = PBXFileReference; includeInIndex = 1; lastKnownFileType = text.xcconfig; name = "Pods-IGHTMLQuery.debug.xcconfig"; path = "Pods/Target Support Files/Pods-IGHTMLQuery/Pods-IGHTMLQuery.debug.xcconfig"; sourceTree = "<group>"; };
		71F81D206FA8A81427893C22 /* Pods-IGHTMLQuery.release.xcconfig */ = {isa = PBXFileReference; includeInIndex = 1; lastKnownFileType = text.xcconfig; name = "Pods-IGHTMLQuery.release.xcconfig"; path = "Pods/Target Support Files/Pods-IGHTMLQuery/Pods-IGHTMLQuery.release.xcconfig"; sourceTree = "<group>"; };
		837B04C884DE245BDD9C3227 /* libPods-IGHTMLQueryTests.a */ = {isa = PBXFileReference; explicitFileType = archive.ar; includeInIndex = 0; path = "libPods-IGHTMLQueryTests.a"; sourceTree = BUILT_PRODUCTS_DIR; };
		AFB20ED5D04C946214000A1E /* libPods-IGHTMLQuery.a */ = {isa = PBXFileReference; explicitFileType = archive.ar; includeInIndex = 0; path = "libPods-IGHTMLQuery.a"; sourceTree = BUILT_PRODUCTS_DIR; };
		F9897309002E46C635A6FCE6 /* Pods-IGHTMLQueryTests.debug.xcconfig */ = {isa = PBXFileReference; includeInIndex = 1; lastKnownFileType = text.xcconfig; name = "Pods-IGHTMLQueryTests.debug.xcconfig"; path = "Pods/Target Support Files/Pods-IGHTMLQueryTests/Pods-IGHTMLQueryTests.debug.xcconfig"; sourceTree = "<group>"; };
/* End PBXFileReference section */

/* Begin PBXFrameworksBuildPhase section */
		5437639F17C36EFD004CE333 /* Frameworks */ = {
			isa = PBXFrameworksBuildPhase;
			buildActionMask = 2147483647;
			files = (
				543763E017C36F52004CE333 /* libxml2.dylib in Frameworks */,
				543763A817C36EFD004CE333 /* CoreGraphics.framework in Frameworks */,
				54432A7818658F9C00FBFDE4 /* JavaScriptCore.framework in Frameworks */,
				543763AA17C36EFD004CE333 /* UIKit.framework in Frameworks */,
				543763A617C36EFD004CE333 /* Foundation.framework in Frameworks */,
				83280A41D4D1C806FDE1A11D /* libPods-IGHTMLQuery.a in Frameworks */,
			);
			runOnlyForDeploymentPostprocessing = 0;
		};
		543763C017C36EFD004CE333 /* Frameworks */ = {
			isa = PBXFrameworksBuildPhase;
			buildActionMask = 2147483647;
			files = (
				543763F917C37BB4004CE333 /* libxml2.dylib in Frameworks */,
				543763C517C36EFD004CE333 /* XCTest.framework in Frameworks */,
				54432A7918658F9D00FBFDE4 /* JavaScriptCore.framework in Frameworks */,
				543763C717C36EFD004CE333 /* UIKit.framework in Frameworks */,
				543763C617C36EFD004CE333 /* Foundation.framework in Frameworks */,
				3E28B654244C6B649355223F /* libPods-IGHTMLQueryTests.a in Frameworks */,
			);
			runOnlyForDeploymentPostprocessing = 0;
		};
/* End PBXFrameworksBuildPhase section */

/* Begin PBXGroup section */
		542C23CA1874FB860046B93A /* JavaScript */ = {
			isa = PBXGroup;
			children = (
				542C23CB1874FB9C0046B93A /* html_query.js */,
			);
			name = JavaScript;
			sourceTree = "<group>";
		};
		5437639917C36EFD004CE333 = {
			isa = PBXGroup;
			children = (
				543763AB17C36EFD004CE333 /* IGHTMLQuery */,
				543763CA17C36EFD004CE333 /* IGHTMLQueryTests */,
				543763A317C36EFD004CE333 /* Products */,
				636C31606D8EF95CE58F199C /* Pods */,
				E7D2615A563DEFDC993BAA6E /* Frameworks */,
			);
			sourceTree = "<group>";
		};
		543763A317C36EFD004CE333 /* Products */ = {
			isa = PBXGroup;
			children = (
				543763A217C36EFD004CE333 /* IGHTMLQuery.app */,
				543763C317C36EFD004CE333 /* IGHTMLQueryTests.xctest */,
			);
			name = Products;
			sourceTree = "<group>";
		};
		543763A417C36EFD004CE333 /* Frameworks */ = {
			isa = PBXGroup;
			children = (
				54432A711865886E00FBFDE4 /* JavaScriptCore.framework */,
				543763DF17C36F52004CE333 /* libxml2.dylib */,
				543763A517C36EFD004CE333 /* Foundation.framework */,
				543763A717C36EFD004CE333 /* CoreGraphics.framework */,
				543763A917C36EFD004CE333 /* UIKit.framework */,
				543763C417C36EFD004CE333 /* XCTest.framework */,
			);
			name = Frameworks;
			path = ..;
			sourceTree = "<group>";
		};
		543763AB17C36EFD004CE333 /* IGHTMLQuery */ = {
			isa = PBXGroup;
			children = (
				542C23CA1874FB860046B93A /* JavaScript */,
				54ECB881186AFAA30037BEBE /* Ruby */,
				543763DA17C36F04004CE333 /* Classes */,
				543763B417C36EFD004CE333 /* IGAppDelegate.h */,
				543763B517C36EFD004CE333 /* IGAppDelegate.m */,
				543763B717C36EFD004CE333 /* Main.storyboard */,
				543763BA17C36EFD004CE333 /* IGViewController.h */,
				543763BB17C36EFD004CE333 /* IGViewController.m */,
				543763BD17C36EFD004CE333 /* Images.xcassets */,
				543763AC17C36EFD004CE333 /* Supporting Files */,
			);
			path = IGHTMLQuery;
			sourceTree = "<group>";
		};
		543763AC17C36EFD004CE333 /* Supporting Files */ = {
			isa = PBXGroup;
			children = (
				543763AD17C36EFD004CE333 /* IGHTMLQuery-Info.plist */,
				543763AE17C36EFD004CE333 /* InfoPlist.strings */,
				543763B117C36EFD004CE333 /* main.m */,
				543763B317C36EFD004CE333 /* IGHTMLQuery-Prefix.pch */,
			);
			name = "Supporting Files";
			sourceTree = "<group>";
		};
		543763CA17C36EFD004CE333 /* IGHTMLQueryTests */ = {
			isa = PBXGroup;
			children = (
				54AB5F4117C479D1009E2CF1 /* Fixtures */,
				54AB5F3F17C479A1009E2CF1 /* IGHTMLDocumentTests.m */,
				543763D017C36EFD004CE333 /* IGXMLDocumentTests.m */,
				549C1DC717C4B14F00CF4F20 /* IGXMLNodeTraversalTests.m */,
				541B153417C383FA00F2C646 /* IGXMLNodeSetTests.m */,
				549C1DC917C4B52000CF4F20 /* IGXMLDocumentAttributeTests.m */,
				5416CA4E186BAE8300EC5F23 /* IGRubyTests.m */,
				5455B17C17C8711700A992EB /* IGIntegrationTests.m */,
				54BF4277187E90F6006D2E2A /* IGCSSQueryTests.m */,
				543763A417C36EFD004CE333 /* Frameworks */,
				543763CB17C36EFD004CE333 /* Supporting Files */,
			);
			path = IGHTMLQueryTests;
			sourceTree = "<group>";
		};
		543763CB17C36EFD004CE333 /* Supporting Files */ = {
			isa = PBXGroup;
			children = (
				543763CC17C36EFD004CE333 /* IGHTMLQueryTests-Info.plist */,
				543763CD17C36EFD004CE333 /* InfoPlist.strings */,
			);
			name = "Supporting Files";
			sourceTree = "<group>";
		};
		543763DA17C36F04004CE333 /* Classes */ = {
			isa = PBXGroup;
			children = (
				546D834A1C5528AE00712414 /* Private */,
				54AB5F3A17C47786009E2CF1 /* IGHTMLQuery.h */,
				54AB5F3B17C477BC009E2CF1 /* IGHTMLDocument.h */,
				54AB5F3C17C477BC009E2CF1 /* IGHTMLDocument.m */,
				54AF474B17C3854000D16C80 /* IGXMLDocument.h */,
				54AF474C17C3854000D16C80 /* IGXMLDocument.m */,
				543763E117C37028004CE333 /* IGXMLNode.h */,
				543763E217C37028004CE333 /* IGXMLNode.m */,
				546D83491C55281300712414 /* IGXMLNode_Private.h */,
				543763F517C378CF004CE333 /* IGXMLNodeSet.h */,
				543763F617C378CF004CE333 /* IGXMLNodeSet.m */,
				54432A7718658ED500FBFDE4 /* IGHTMLQueryJavaScriptExport.h */,
				5416CA53186BB2F600EC5F23 /* IGXMLNodeCore.h */,
				549C1DC617C4AC9D00CF4F20 /* IGXMLNodeQuery.h */,
				549C1DC517C4A4DF00CF4F20 /* IGXMLNodeManipulation.h */,
				54432A7518658B4E00FBFDE4 /* IGXMLNodeAttribute.h */,
				54432A7618658BBE00FBFDE4 /* IGXMLNodeTraversal.h */,
				5406F3121872CAFE00FD6A96 /* JSContext+IGHTMLQueryRubyAdditions.h */,
				5406F3131872CAFE00FD6A96 /* JSContext+IGHTMLQueryRubyAdditions.m */,
			);
			name = Classes;
			sourceTree = "<group>";
		};
		546D834A1C5528AE00712414 /* Private */ = {
			isa = PBXGroup;
			children = (
				546D834B1C5528AE00712414 /* IGXMLNode_Private.h */,
			);
			name = Private;
			path = Classes/Private;
			sourceTree = "<group>";
		};
		54AB5F4117C479D1009E2CF1 /* Fixtures */ = {
			isa = PBXGroup;
			children = (
				5455B17A17C8710200A992EB /* nytimes.html */,
				54AB5F4217C479E6009E2CF1 /* sample.html */,
				549C1DC217C47DEE00CF4F20 /* catalog.xml */,
				549C1DC417C4827200CF4F20 /* broken.xml */,
				549C1DCB17C4B69700CF4F20 /* atom.xml */,
				54BFE64218BC6E2E0088052E /* cleaned_news.html */,
			);
			name = Fixtures;
			sourceTree = "<group>";
		};
		54ECB881186AFAA30037BEBE /* Ruby */ = {
			isa = PBXGroup;
			children = (
				542C23D01874FD6E0046B93A /* html_query.rb */,
				541AB8AC18782CD50017F86E /* http.rb */,
				541AB8AA187819AC0017F86E /* html_doc.rb */,
				5416CA54186BB64B00EC5F23 /* xml_node_set.rb */,
				5416CA50186BB00300EC5F23 /* xml_node.rb */,
			);
			name = Ruby;
			sourceTree = "<group>";
		};
		636C31606D8EF95CE58F199C /* Pods */ = {
			isa = PBXGroup;
			children = (
				64A9BC2FD56FBCD5596188ED /* Pods-IGHTMLQuery.debug.xcconfig */,
				71F81D206FA8A81427893C22 /* Pods-IGHTMLQuery.release.xcconfig */,
				F9897309002E46C635A6FCE6 /* Pods-IGHTMLQueryTests.debug.xcconfig */,
				0CE71297F3262C056E28178A /* Pods-IGHTMLQueryTests.release.xcconfig */,
			);
			name = Pods;
			sourceTree = "<group>";
		};
		E7D2615A563DEFDC993BAA6E /* Frameworks */ = {
			isa = PBXGroup;
			children = (
				AFB20ED5D04C946214000A1E /* libPods-IGHTMLQuery.a */,
				837B04C884DE245BDD9C3227 /* libPods-IGHTMLQueryTests.a */,
			);
			name = Frameworks;
			sourceTree = "<group>";
		};
/* End PBXGroup section */

/* Begin PBXNativeTarget section */
		543763A117C36EFD004CE333 /* IGHTMLQuery */ = {
			isa = PBXNativeTarget;
			buildConfigurationList = 543763D417C36EFD004CE333 /* Build configuration list for PBXNativeTarget "IGHTMLQuery" */;
			buildPhases = (
				CAE5D04AC711590E0408C2D3 /* [CP] Check Pods Manifest.lock */,
				5437639E17C36EFD004CE333 /* Sources */,
				5437639F17C36EFD004CE333 /* Frameworks */,
				543763A017C36EFD004CE333 /* Resources */,
				BBC34AFD0DEF70A08AF436FC /* [CP] Copy Pods Resources */,
			);
			buildRules = (
			);
			dependencies = (
			);
			name = IGHTMLQuery;
			productName = IGHTMLQuery;
			productReference = 543763A217C36EFD004CE333 /* IGHTMLQuery.app */;
			productType = "com.apple.product-type.application";
		};
		543763C217C36EFD004CE333 /* IGHTMLQueryTests */ = {
			isa = PBXNativeTarget;
			buildConfigurationList = 543763D717C36EFD004CE333 /* Build configuration list for PBXNativeTarget "IGHTMLQueryTests" */;
			buildPhases = (
				B7E064CC1CCEBB7E8B942B76 /* [CP] Check Pods Manifest.lock */,
				543763BF17C36EFD004CE333 /* Sources */,
				543763C017C36EFD004CE333 /* Frameworks */,
				543763C117C36EFD004CE333 /* Resources */,
			);
			buildRules = (
			);
			dependencies = (
				543763C917C36EFD004CE333 /* PBXTargetDependency */,
			);
			name = IGHTMLQueryTests;
			productName = IGHTMLQueryTests;
			productReference = 543763C317C36EFD004CE333 /* IGHTMLQueryTests.xctest */;
			productType = "com.apple.product-type.bundle.unit-test";
		};
/* End PBXNativeTarget section */

/* Begin PBXProject section */
		5437639A17C36EFD004CE333 /* Project object */ = {
			isa = PBXProject;
			attributes = {
				CLASSPREFIX = IG;
				LastUpgradeCheck = 0500;
				ORGANIZATIONNAME = "Ignition Soft";
				TargetAttributes = {
					543763A117C36EFD004CE333 = {
						DevelopmentTeam = 638635GR5X;
					};
					543763C217C36EFD004CE333 = {
						TestTargetID = 543763A117C36EFD004CE333;
					};
				};
			};
			buildConfigurationList = 5437639D17C36EFD004CE333 /* Build configuration list for PBXProject "IGHTMLQuery" */;
			compatibilityVersion = "Xcode 3.2";
			developmentRegion = English;
			hasScannedForEncodings = 0;
			knownRegions = (
				en,
				Base,
			);
			mainGroup = 5437639917C36EFD004CE333;
			productRefGroup = 543763A317C36EFD004CE333 /* Products */;
			projectDirPath = "";
			projectRoot = "";
			targets = (
				543763A117C36EFD004CE333 /* IGHTMLQuery */,
				543763C217C36EFD004CE333 /* IGHTMLQueryTests */,
			);
		};
/* End PBXProject section */

/* Begin PBXResourcesBuildPhase section */
		543763A017C36EFD004CE333 /* Resources */ = {
			isa = PBXResourcesBuildPhase;
			buildActionMask = 2147483647;
			files = (
				54ED457818782F31005391EC /* html_query.js in Resources */,
				543763BE17C36EFD004CE333 /* Images.xcassets in Resources */,
				543763B017C36EFD004CE333 /* InfoPlist.strings in Resources */,
				543763B917C36EFD004CE333 /* Main.storyboard in Resources */,
			);
			runOnlyForDeploymentPostprocessing = 0;
		};
		543763C117C36EFD004CE333 /* Resources */ = {
			isa = PBXResourcesBuildPhase;
			buildActionMask = 2147483647;
			files = (
				54ED457918782F42005391EC /* html_query.js in Resources */,
				549C1DCC17C4B91100CF4F20 /* atom.xml in Resources */,
				549C1DCD17C4B91300CF4F20 /* broken.xml in Resources */,
				5455B17B17C8710200A992EB /* nytimes.html in Resources */,
				54BFE64318BC6E2E0088052E /* cleaned_news.html in Resources */,
				54AB5F4417C47A4C009E2CF1 /* sample.html in Resources */,
				549C1DC317C47DEE00CF4F20 /* catalog.xml in Resources */,
				543763CF17C36EFD004CE333 /* InfoPlist.strings in Resources */,
			);
			runOnlyForDeploymentPostprocessing = 0;
		};
/* End PBXResourcesBuildPhase section */

/* Begin PBXShellScriptBuildPhase section */
		B7E064CC1CCEBB7E8B942B76 /* [CP] Check Pods Manifest.lock */ = {
			isa = PBXShellScriptBuildPhase;
			buildActionMask = 2147483647;
			files = (
			);
			inputPaths = (
				"${PODS_PODFILE_DIR_PATH}/Podfile.lock",
				"${PODS_ROOT}/Manifest.lock",
			);
			name = "[CP] Check Pods Manifest.lock";
			outputPaths = (
				"$(DERIVED_FILE_DIR)/Pods-IGHTMLQueryTests-checkManifestLockResult.txt",
			);
			runOnlyForDeploymentPostprocessing = 0;
			shellPath = /bin/sh;
			shellScript = "diff \"${PODS_PODFILE_DIR_PATH}/Podfile.lock\" \"${PODS_ROOT}/Manifest.lock\" > /dev/null\nif [ $? != 0 ] ; then\n    # print error to STDERR\n    echo \"error: The sandbox is not in sync with the Podfile.lock. Run 'pod install' or update your CocoaPods installation.\" >&2\n    exit 1\nfi\n# This output is used by Xcode 'outputs' to avoid re-running this script phase.\necho \"SUCCESS\" > \"${SCRIPT_OUTPUT_FILE_0}\"\n";
			showEnvVarsInLog = 0;
		};
		BBC34AFD0DEF70A08AF436FC /* [CP] Copy Pods Resources */ = {
			isa = PBXShellScriptBuildPhase;
			buildActionMask = 2147483647;
			files = (
			);
			inputPaths = (
				"${SRCROOT}/Pods/Target Support Files/Pods-IGHTMLQuery/Pods-IGHTMLQuery-resources.sh",
				"${PODS_ROOT}/CSSSelectorConverter/CSSSelectorConverter/CSSSelectorGrammar.txt",
				"${PODS_ROOT}/CSSSelectorConverter/CSSSelectorConverter/CSSSelectorParser.plist",
				"${PODS_ROOT}/JavaScriptCoreOpalAdditions/JavaScriptCoreOpalAdditions/Opal.bundle",
			);
			name = "[CP] Copy Pods Resources";
			outputPaths = (
				"${TARGET_BUILD_DIR}/${UNLOCALIZED_RESOURCES_FOLDER_PATH}/CSSSelectorGrammar.txt",
				"${TARGET_BUILD_DIR}/${UNLOCALIZED_RESOURCES_FOLDER_PATH}/CSSSelectorParser.plist",
				"${TARGET_BUILD_DIR}/${UNLOCALIZED_RESOURCES_FOLDER_PATH}/Opal.bundle",
			);
			runOnlyForDeploymentPostprocessing = 0;
			shellPath = /bin/sh;
			shellScript = "\"${SRCROOT}/Pods/Target Support Files/Pods-IGHTMLQuery/Pods-IGHTMLQuery-resources.sh\"\n";
			showEnvVarsInLog = 0;
		};
		CAE5D04AC711590E0408C2D3 /* [CP] Check Pods Manifest.lock */ = {
			isa = PBXShellScriptBuildPhase;
			buildActionMask = 2147483647;
			files = (
			);
			inputPaths = (
				"${PODS_PODFILE_DIR_PATH}/Podfile.lock",
				"${PODS_ROOT}/Manifest.lock",
			);
			name = "[CP] Check Pods Manifest.lock";
			outputPaths = (
				"$(DERIVED_FILE_DIR)/Pods-IGHTMLQuery-checkManifestLockResult.txt",
			);
			runOnlyForDeploymentPostprocessing = 0;
			shellPath = /bin/sh;
			shellScript = "diff \"${PODS_PODFILE_DIR_PATH}/Podfile.lock\" \"${PODS_ROOT}/Manifest.lock\" > /dev/null\nif [ $? != 0 ] ; then\n    # print error to STDERR\n    echo \"error: The sandbox is not in sync with the Podfile.lock. Run 'pod install' or update your CocoaPods installation.\" >&2\n    exit 1\nfi\n# This output is used by Xcode 'outputs' to avoid re-running this script phase.\necho \"SUCCESS\" > \"${SCRIPT_OUTPUT_FILE_0}\"\n";
			showEnvVarsInLog = 0;
		};
/* End PBXShellScriptBuildPhase section */

/* Begin PBXSourcesBuildPhase section */
		5437639E17C36EFD004CE333 /* Sources */ = {
			isa = PBXSourcesBuildPhase;
			buildActionMask = 2147483647;
			files = (
				5406F3141872CAFE00FD6A96 /* JSContext+IGHTMLQueryRubyAdditions.m in Sources */,
				54AF474D17C3854000D16C80 /* IGXMLDocument.m in Sources */,
				543763B617C36EFD004CE333 /* IGAppDelegate.m in Sources */,
				543763B217C36EFD004CE333 /* main.m in Sources */,
				54AB5F3D17C477BC009E2CF1 /* IGHTMLDocument.m in Sources */,
				543763BC17C36EFD004CE333 /* IGViewController.m in Sources */,
				543763F717C378CF004CE333 /* IGXMLNodeSet.m in Sources */,
				542C23CC1874FB9C0046B93A /* html_query.js in Sources */,
				543763E317C37028004CE333 /* IGXMLNode.m in Sources */,
			);
			runOnlyForDeploymentPostprocessing = 0;
		};
		543763BF17C36EFD004CE333 /* Sources */ = {
			isa = PBXSourcesBuildPhase;
			buildActionMask = 2147483647;
			files = (
				541B153517C383FA00F2C646 /* IGXMLNodeSetTests.m in Sources */,
				542C23CD1874FB9C0046B93A /* html_query.js in Sources */,
				549C1DCA17C4B52000CF4F20 /* IGXMLDocumentAttributeTests.m in Sources */,
				543763D117C36EFD004CE333 /* IGXMLDocumentTests.m in Sources */,
				549C1DC817C4B14F00CF4F20 /* IGXMLNodeTraversalTests.m in Sources */,
				54925B671AC52AE000FA51CE /* IGRubyTests.m in Sources */,
				5455B17D17C8711700A992EB /* IGIntegrationTests.m in Sources */,
				54AB5F4017C479A1009E2CF1 /* IGHTMLDocumentTests.m in Sources */,
				54BF4278187E90F6006D2E2A /* IGCSSQueryTests.m in Sources */,
			);
			runOnlyForDeploymentPostprocessing = 0;
		};
/* End PBXSourcesBuildPhase section */

/* Begin PBXTargetDependency section */
		543763C917C36EFD004CE333 /* PBXTargetDependency */ = {
			isa = PBXTargetDependency;
			target = 543763A117C36EFD004CE333 /* IGHTMLQuery */;
			targetProxy = 543763C817C36EFD004CE333 /* PBXContainerItemProxy */;
		};
/* End PBXTargetDependency section */

/* Begin PBXVariantGroup section */
		543763AE17C36EFD004CE333 /* InfoPlist.strings */ = {
			isa = PBXVariantGroup;
			children = (
				543763AF17C36EFD004CE333 /* en */,
			);
			name = InfoPlist.strings;
			sourceTree = "<group>";
		};
		543763B717C36EFD004CE333 /* Main.storyboard */ = {
			isa = PBXVariantGroup;
			children = (
				543763B817C36EFD004CE333 /* Base */,
			);
			name = Main.storyboard;
			sourceTree = "<group>";
		};
		543763CD17C36EFD004CE333 /* InfoPlist.strings */ = {
			isa = PBXVariantGroup;
			children = (
				543763CE17C36EFD004CE333 /* en */,
			);
			name = InfoPlist.strings;
			sourceTree = "<group>";
		};
/* End PBXVariantGroup section */

/* Begin XCBuildConfiguration section */
		543763D217C36EFD004CE333 /* Debug */ = {
			isa = XCBuildConfiguration;
			buildSettings = {
				ALWAYS_SEARCH_USER_PATHS = NO;
				CLANG_CXX_LANGUAGE_STANDARD = "gnu++0x";
				CLANG_CXX_LIBRARY = "libc++";
				CLANG_ENABLE_MODULES = YES;
				CLANG_ENABLE_OBJC_ARC = YES;
				CLANG_WARN_BOOL_CONVERSION = YES;
				CLANG_WARN_CONSTANT_CONVERSION = YES;
				CLANG_WARN_DIRECT_OBJC_ISA_USAGE = YES_ERROR;
				CLANG_WARN_EMPTY_BODY = YES;
				CLANG_WARN_ENUM_CONVERSION = YES;
				CLANG_WARN_INT_CONVERSION = YES;
				CLANG_WARN_OBJC_ROOT_CLASS = YES_ERROR;
				CLANG_WARN__DUPLICATE_METHOD_MATCH = YES;
				"CODE_SIGN_IDENTITY[sdk=iphoneos*]" = "iPhone Developer";
				COPY_PHASE_STRIP = NO;
				GCC_C_LANGUAGE_STANDARD = gnu99;
				GCC_DYNAMIC_NO_PIC = NO;
				GCC_OPTIMIZATION_LEVEL = 0;
				GCC_PREPROCESSOR_DEFINITIONS = (
					"DEBUG=1",
					"$(inherited)",
				);
				GCC_SYMBOLS_PRIVATE_EXTERN = NO;
				GCC_WARN_ABOUT_RETURN_TYPE = YES_ERROR;
				GCC_WARN_UNDECLARED_SELECTOR = YES;
				GCC_WARN_UNINITIALIZED_AUTOS = YES;
				GCC_WARN_UNUSED_FUNCTION = YES;
				GCC_WARN_UNUSED_VARIABLE = YES;
				IPHONEOS_DEPLOYMENT_TARGET = 8.0;
				ONLY_ACTIVE_ARCH = YES;
				SDKROOT = iphoneos;
			};
			name = Debug;
		};
		543763D317C36EFD004CE333 /* Release */ = {
			isa = XCBuildConfiguration;
			buildSettings = {
				ALWAYS_SEARCH_USER_PATHS = NO;
				CLANG_CXX_LANGUAGE_STANDARD = "gnu++0x";
				CLANG_CXX_LIBRARY = "libc++";
				CLANG_ENABLE_MODULES = YES;
				CLANG_ENABLE_OBJC_ARC = YES;
				CLANG_WARN_BOOL_CONVERSION = YES;
				CLANG_WARN_CONSTANT_CONVERSION = YES;
				CLANG_WARN_DIRECT_OBJC_ISA_USAGE = YES_ERROR;
				CLANG_WARN_EMPTY_BODY = YES;
				CLANG_WARN_ENUM_CONVERSION = YES;
				CLANG_WARN_INT_CONVERSION = YES;
				CLANG_WARN_OBJC_ROOT_CLASS = YES_ERROR;
				CLANG_WARN__DUPLICATE_METHOD_MATCH = YES;
				"CODE_SIGN_IDENTITY[sdk=iphoneos*]" = "iPhone Developer";
				COPY_PHASE_STRIP = YES;
				ENABLE_NS_ASSERTIONS = NO;
				GCC_C_LANGUAGE_STANDARD = gnu99;
				GCC_WARN_ABOUT_RETURN_TYPE = YES_ERROR;
				GCC_WARN_UNDECLARED_SELECTOR = YES;
				GCC_WARN_UNINITIALIZED_AUTOS = YES;
				GCC_WARN_UNUSED_FUNCTION = YES;
				GCC_WARN_UNUSED_VARIABLE = YES;
				IPHONEOS_DEPLOYMENT_TARGET = 8.0;
				SDKROOT = iphoneos;
				VALIDATE_PRODUCT = YES;
			};
			name = Release;
		};
		543763D517C36EFD004CE333 /* Debug */ = {
			isa = XCBuildConfiguration;
			baseConfigurationReference = 64A9BC2FD56FBCD5596188ED /* Pods-IGHTMLQuery.debug.xcconfig */;
			buildSettings = {
				ASSETCATALOG_COMPILER_APPICON_NAME = AppIcon;
				ASSETCATALOG_COMPILER_LAUNCHIMAGE_NAME = LaunchImage;
				DEVELOPMENT_TEAM = 638635GR5X;
				GCC_PRECOMPILE_PREFIX_HEADER = YES;
				GCC_PREFIX_HEADER = "IGHTMLQuery/IGHTMLQuery-Prefix.pch";
				HEADER_SEARCH_PATHS = (
					"\"$(SDK_DIR)\"/usr/include/libxml2",
					"$(inherited)",
				);
				INFOPLIST_FILE = "IGHTMLQuery/IGHTMLQuery-Info.plist";
				PRODUCT_NAME = "$(TARGET_NAME)";
				WRAPPER_EXTENSION = app;
			};
			name = Debug;
		};
		543763D617C36EFD004CE333 /* Release */ = {
			isa = XCBuildConfiguration;
			baseConfigurationReference = 71F81D206FA8A81427893C22 /* Pods-IGHTMLQuery.release.xcconfig */;
			buildSettings = {
				ASSETCATALOG_COMPILER_APPICON_NAME = AppIcon;
				ASSETCATALOG_COMPILER_LAUNCHIMAGE_NAME = LaunchImage;
				DEVELOPMENT_TEAM = 638635GR5X;
				GCC_PRECOMPILE_PREFIX_HEADER = YES;
				GCC_PREFIX_HEADER = "IGHTMLQuery/IGHTMLQuery-Prefix.pch";
				HEADER_SEARCH_PATHS = (
					"\"$(SDK_DIR)\"/usr/include/libxml2",
					"$(inherited)",
				);
				INFOPLIST_FILE = "IGHTMLQuery/IGHTMLQuery-Info.plist";
				PRODUCT_NAME = "$(TARGET_NAME)";
				WRAPPER_EXTENSION = app;
			};
			name = Release;
		};
		543763D817C36EFD004CE333 /* Debug */ = {
			isa = XCBuildConfiguration;
			baseConfigurationReference = F9897309002E46C635A6FCE6 /* Pods-IGHTMLQueryTests.debug.xcconfig */;
			buildSettings = {
				BUNDLE_LOADER = "$(BUILT_PRODUCTS_DIR)/IGHTMLQuery.app/IGHTMLQuery";
				FRAMEWORK_SEARCH_PATHS = "$(inherited)";
				GCC_PRECOMPILE_PREFIX_HEADER = YES;
				GCC_PREFIX_HEADER = "IGHTMLQuery/IGHTMLQuery-Prefix.pch";
				GCC_PREPROCESSOR_DEFINITIONS = (
					"$(inherited)",
					"IGHTMLQUERY_JAVSCRIPT_EXPORT=1",
				);
				HEADER_SEARCH_PATHS = (
					"\"$(SDK_DIR)\"/usr/include/libxml2",
					"$(inherited)",
				);
				INFOPLIST_FILE = "IGHTMLQueryTests/IGHTMLQueryTests-Info.plist";
				PRODUCT_NAME = "$(TARGET_NAME)";
				TEST_HOST = "$(BUNDLE_LOADER)";
				WRAPPER_EXTENSION = xctest;
			};
			name = Debug;
		};
		543763D917C36EFD004CE333 /* Release */ = {
			isa = XCBuildConfiguration;
			baseConfigurationReference = 0CE71297F3262C056E28178A /* Pods-IGHTMLQueryTests.release.xcconfig */;
			buildSettings = {
				BUNDLE_LOADER = "$(BUILT_PRODUCTS_DIR)/IGHTMLQuery.app/IGHTMLQuery";
				FRAMEWORK_SEARCH_PATHS = "$(inherited)";
				GCC_PRECOMPILE_PREFIX_HEADER = YES;
				GCC_PREFIX_HEADER = "IGHTMLQuery/IGHTMLQuery-Prefix.pch";
				GCC_PREPROCESSOR_DEFINITIONS = (
					"IGHTMLQUERY_JAVSCRIPT_EXPORT=1",
					"$(inherited)",
				);
				HEADER_SEARCH_PATHS = (
					"\"$(SDK_DIR)\"/usr/include/libxml2",
					"$(inherited)",
				);
				INFOPLIST_FILE = "IGHTMLQueryTests/IGHTMLQueryTests-Info.plist";
				PRODUCT_NAME = "$(TARGET_NAME)";
				TEST_HOST = "$(BUNDLE_LOADER)";
				WRAPPER_EXTENSION = xctest;
			};
			name = Release;
		};
/* End XCBuildConfiguration section */

/* Begin XCConfigurationList section */
		5437639D17C36EFD004CE333 /* Build configuration list for PBXProject "IGHTMLQuery" */ = {
			isa = XCConfigurationList;
			buildConfigurations = (
				543763D217C36EFD004CE333 /* Debug */,
				543763D317C36EFD004CE333 /* Release */,
			);
			defaultConfigurationIsVisible = 0;
			defaultConfigurationName = Release;
		};
		543763D417C36EFD004CE333 /* Build configuration list for PBXNativeTarget "IGHTMLQuery" */ = {
			isa = XCConfigurationList;
			buildConfigurations = (
				543763D517C36EFD004CE333 /* Debug */,
				543763D617C36EFD004CE333 /* Release */,
			);
			defaultConfigurationIsVisible = 0;
			defaultConfigurationName = Release;
		};
		543763D717C36EFD004CE333 /* Build configuration list for PBXNativeTarget "IGHTMLQueryTests" */ = {
			isa = XCConfigurationList;
			buildConfigurations = (
				543763D817C36EFD004CE333 /* Debug */,
				543763D917C36EFD004CE333 /* Release */,
			);
			defaultConfigurationIsVisible = 0;
			defaultConfigurationName = Release;
		};
/* End XCConfigurationList section */
	};
	rootObject = 5437639A17C36EFD004CE333 /* Project object */;
}
